
Microsoft Visual Studio Solution File, Format Version 12.00
# Visual Studio 15
Project("{FAE04EC0-301F-11D3-BF4B-00C04F79EFBC}") = "Assembly-CSharp", "Assembly-CSharp.csproj", "{A6499FC9-E2F5-B9B5-E842-B0A9E99F5408}"
EndProject
Project("{FAE04EC0-301F-11D3-BF4B-00C04F79EFBC}") = "Assembly-CSharp-Editor", "Assembly-CSharp-Editor.csproj", "{734387CE-3992-B087-D84F-CA79C3DC9A15}"
EndProject
Global
	GlobalSection(SolutionConfigurationPlatforms) = preSolution
		Debug|Any CPU = Debug|Any CPU
		Release|Any CPU = Release|Any CPU
	EndGlobalSection
	GlobalSection(ProjectConfigurationPlatforms) = postSolution
		{A6499FC9-E2F5-B9B5-E842-B0A9E99F5408}.Debug|Any CPU.ActiveCfg = Debug|Any CPU
		{A6499FC9-E2F5-B9B5-E842-B0A9E99F5408}.Debug|Any CPU.Build.0 = Debug|Any CPU
		{A6499FC9-E2F5-B9B5-E842-B0A9E99F5408}.Release|Any CPU.ActiveCfg = Release|Any CPU
		{A6499FC9-E2F5-B9B5-E842-B0A9E99F5408}.Release|Any CPU.Build.0 = Release|Any CPU
		{734387CE-3992-B087-D84F-CA79C3DC9A15}.Debug|Any CPU.ActiveCfg = Debug|Any CPU
		{734387CE-3992-B087-D84F-CA79C3DC9A15}.Debug|Any CPU.Build.0 = Debug|Any CPU
		{734387CE-3992-B087-D84F-CA79C3DC9A15}.Release|Any CPU.ActiveCfg = Release|Any CPU
		{734387CE-3992-B087-D84F-CA79C3DC9A15}.Release|Any CPU.Build.0 = Release|Any CPU
	EndGlobalSection
	GlobalSection(SolutionProperties) = preSolution
		HideSolutionNode = FALSE
	EndGlobalSection
EndGlobal
